DEPENDENCIES
  apache-hardening
    path: .
    metadata: true
  apache2 (= 3.2.2)
  apt
  chef-solo-search
    git: https://github.com/edelight/chef-solo-search
    revision: 72bd5e3507056e5c931ee0cf7516ce1bfbce6d51

GRAPH
  apache-hardening (1.0.0)
    apache2 (~> 3.2.2)
  apache2 (3.2.2)
  apt (6.1.4)
  chef-solo-search (0.5.2)
